
Microsoft Visual Studio Solution File, Format Version 12.00
# Visual Studio 15
VisualStudioVersion = 15.0.27428.2005
MinimumVisualStudioVersion = 10.0.40219.1
Project("{FAE04EC0-301F-11D3-BF4B-00C04F79EFBC}") = "AnotherWheel.Models", "AnotherWheel.Models\AnotherWheel.Models.csproj", "{9BFF6605-D890-4BBD-A02D-818315DC262B}"
EndProject
Project("{FAE04EC0-301F-11D3-BF4B-00C04F79EFBC}") = "AnotherWheel.Viewer", "AnotherWheel.Viewer\AnotherWheel.Viewer.csproj", "{9E5EEF29-0610-4E2D-BA09-3F0B1CF6BA05}"
EndProject
Global
	GlobalSection(SolutionConfigurationPlatforms) = preSolution
		Debug|Any CPU = Debug|Any CPU
		Release|Any CPU = Release|Any CPU
	EndGlobalSection
	GlobalSection(ProjectConfigurationPlatforms) = postSolution
		{9BFF6605-D890-4BBD-A02D-818315DC262B}.Debug|Any CPU.ActiveCfg = Debug|Any CPU
		{9BFF6605-D890-4BBD-A02D-818315DC262B}.Debug|Any CPU.Build.0 = Debug|Any CPU
		{9BFF6605-D890-4BBD-A02D-818315DC262B}.Release|Any CPU.ActiveCfg = Release|Any CPU
		{9BFF6605-D890-4BBD-A02D-818315DC262B}.Release|Any CPU.Build.0 = Release|Any CPU
		{9E5EEF29-0610-4E2D-BA09-3F0B1CF6BA05}.Debug|Any CPU.ActiveCfg = Debug|Any CPU
		{9E5EEF29-0610-4E2D-BA09-3F0B1CF6BA05}.Debug|Any CPU.Build.0 = Debug|Any CPU
		{9E5EEF29-0610-4E2D-BA09-3F0B1CF6BA05}.Release|Any CPU.ActiveCfg = Release|Any CPU
		{9E5EEF29-0610-4E2D-BA09-3F0B1CF6BA05}.Release|Any CPU.Build.0 = Release|Any CPU
	EndGlobalSection
	GlobalSection(SolutionProperties) = preSolution
		HideSolutionNode = FALSE
	EndGlobalSection
	GlobalSection(ExtensibilityGlobals) = postSolution
		SolutionGuid = {17836702-3097-4C89-AF5C-5CB8071D496C}
	EndGlobalSection
EndGlobal
